
Microsoft Visual Studio Solution File, Format Version 12.00
# Visual Studio 15
VisualStudioVersion = 15.0.28307.757
MinimumVisualStudioVersion = 10.0.40219.1
Project("{9A19103F-16F7-4668-BE54-9A1E7A4F7556}") = "OdeToFood", "OdeToFood\OdeToFood.csproj", "{E9204163-94B5-4D69-B933-9CB259B5955E}"
EndProject
Project("{FAE04EC0-301F-11D3-BF4B-00C04F79EFBC}") = "OdeToFood.Core", "OdeToFood.Core\OdeToFood.Core.csproj", "{CD8AB298-328A-4AF9-B6E3-38DDBA737C63}"
EndProject
Global
	GlobalSection(SolutionConfigurationPlatforms) = preSolution
		Debug|Any CPU = Debug|Any CPU
		Release|Any CPU = Release|Any CPU
	EndGlobalSection
	GlobalSection(ProjectConfigurationPlatforms) = postSolution
		{E9204163-94B5-4D69-B933-9CB259B5955E}.Debug|Any CPU.ActiveCfg = Debug|Any CPU
		{E9204163-94B5-4D69-B933-9CB259B5955E}.Debug|Any CPU.Build.0 = Debug|Any CPU
		{E9204163-94B5-4D69-B933-9CB259B5955E}.Release|Any CPU.ActiveCfg = Release|Any CPU
		{E9204163-94B5-4D69-B933-9CB259B5955E}.Release|Any CPU.Build.0 = Release|Any CPU
		{CD8AB298-328A-4AF9-B6E3-38DDBA737C63}.Debug|Any CPU.ActiveCfg = Debug|Any CPU
		{CD8AB298-328A-4AF9-B6E3-38DDBA737C63}.Debug|Any CPU.Build.0 = Debug|Any CPU
		{CD8AB298-328A-4AF9-B6E3-38DDBA737C63}.Release|Any CPU.ActiveCfg = Release|Any CPU
		{CD8AB298-328A-4AF9-B6E3-38DDBA737C63}.Release|Any CPU.Build.0 = Release|Any CPU
	EndGlobalSection
	GlobalSection(SolutionProperties) = preSolution
		HideSolutionNode = FALSE
	EndGlobalSection
	GlobalSection(ExtensibilityGlobals) = postSolution
		SolutionGuid = {DC6D62C5-CF23-4C3E-8613-CA92DC988AF0}
	EndGlobalSection
EndGlobal
